
Microsoft Visual Studio Solution File, Format Version 12.00
# Visual Studio 15
VisualStudioVersion = 15.0.28010.2048
MinimumVisualStudioVersion = 10.0.40219.1
Project("{FAE04EC0-301F-11D3-BF4B-00C04F79EFBC}") = "project_002.1_", "project_002.1_\project_002.1_.csproj", "{6F99D073-5C40-478B-8D0D-8030F950DBAC}"
EndProject
Global
	GlobalSection(SolutionConfigurationPlatforms) = preSolution
		Debug|Any CPU = Debug|Any CPU
		Release|Any CPU = Release|Any CPU
	EndGlobalSection
	GlobalSection(ProjectConfigurationPlatforms) = postSolution
		{6F99D073-5C40-478B-8D0D-8030F950DBAC}.Debug|Any CPU.ActiveCfg = Debug|Any CPU
		{6F99D073-5C40-478B-8D0D-8030F950DBAC}.Debug|Any CPU.Build.0 = Debug|Any CPU
		{6F99D073-5C40-478B-8D0D-8030F950DBAC}.Release|Any CPU.ActiveCfg = Release|Any CPU
		{6F99D073-5C40-478B-8D0D-8030F950DBAC}.Release|Any CPU.Build.0 = Release|Any CPU
	EndGlobalSection
	GlobalSection(SolutionProperties) = preSolution
		HideSolutionNode = FALSE
	EndGlobalSection
	GlobalSection(ExtensibilityGlobals) = postSolution
		SolutionGuid = {297CC91D-B2D7-42EE-8CF9-CFBEF8D307AB}
	EndGlobalSection
EndGlobal
